
Microsoft Visual Studio Solution File, Format Version 12.00
# Visual Studio Version 17
VisualStudioVersion = 17.12.35506.116
MinimumVisualStudioVersion = 10.0.40219.1
Project("{2150E333-8FDC-42A3-9474-1A3956D46DE8}") = "Services", "Services", "{7F7BAFE5-69F2-43D9-B012-DD1AF740DE20}"
EndProject
Project("{FAE04EC0-301F-11D3-BF4B-00C04F79EFBC}") = "UserService", "Services\UserService\UserService.csproj", "{D80183DC-D488-4739-85EE-F03F41996FCF}"
EndProject
Project("{FAE04EC0-301F-11D3-BF4B-00C04F79EFBC}") = "ProductService", "Services\ProductService\ProductService.csproj", "{32DC73E2-0F91-48AC-BA3C-49441CE5B70E}"
EndProject
Project("{FAE04EC0-301F-11D3-BF4B-00C04F79EFBC}") = "OrderService", "Services\OrderService\OrderService.csproj", "{DF3ADAE2-6105-49EC-B84D-7CD5A78CCAFC}"
EndProject
Project("{FAE04EC0-301F-11D3-BF4B-00C04F79EFBC}") = "InventoryService", "Services\InventoryService\InventoryService.csproj", "{89C14EDE-92BC-4F3A-BC06-6D5E3E977557}"
EndProject
Project("{FAE04EC0-301F-11D3-BF4B-00C04F79EFBC}") = "EmailService", "Services\EmailService\EmailService.csproj", "{D77706CC-F833-4177-B1DE-96520D89EA9C}"
EndProject
Project("{2150E333-8FDC-42A3-9474-1A3956D46DE8}") = "Shared", "Shared", "{00C10A80-1BE3-43A9-8755-E5B301FD806E}"
EndProject
Project("{2150E333-8FDC-42A3-9474-1A3956D46DE8}") = "Contracts", "Contracts", "{490B40CB-10F1-4802-8532-F2CDD6942E5D}"
EndProject
Project("{2150E333-8FDC-42A3-9474-1A3956D46DE8}") = "Common", "Common", "{353D1F5B-556A-4A48-966F-72F11D0DDB30}"
EndProject
Project("{FAE04EC0-301F-11D3-BF4B-00C04F79EFBC}") = "Common", "Shared\Common\Common\Common.csproj", "{61F897CD-7555-4901-B399-7EB341D6C802}"
EndProject
Project("{FAE04EC0-301F-11D3-BF4B-00C04F79EFBC}") = "Contracts", "Shared\Contracts\Contracts\Contracts.csproj", "{24219839-E0CB-4AA7-9CE6-FD4F8B639D39}"
EndProject
Project("{FAE04EC0-301F-11D3-BF4B-00C04F79EFBC}") = "CartService", "CartService\CartService.csproj", "{D65C0F37-5AA7-4257-A650-CF40C951C3E9}"
EndProject
Global
	GlobalSection(SolutionConfigurationPlatforms) = preSolution
		Debug|Any CPU = Debug|Any CPU
		Release|Any CPU = Release|Any CPU
	EndGlobalSection
	GlobalSection(ProjectConfigurationPlatforms) = postSolution
		{D80183DC-D488-4739-85EE-F03F41996FCF}.Debug|Any CPU.ActiveCfg = Debug|Any CPU
		{D80183DC-D488-4739-85EE-F03F41996FCF}.Debug|Any CPU.Build.0 = Debug|Any CPU
		{D80183DC-D488-4739-85EE-F03F41996FCF}.Release|Any CPU.ActiveCfg = Release|Any CPU
		{D80183DC-D488-4739-85EE-F03F41996FCF}.Release|Any CPU.Build.0 = Release|Any CPU
		{32DC73E2-0F91-48AC-BA3C-49441CE5B70E}.Debug|Any CPU.ActiveCfg = Debug|Any CPU
		{32DC73E2-0F91-48AC-BA3C-49441CE5B70E}.Debug|Any CPU.Build.0 = Debug|Any CPU
		{32DC73E2-0F91-48AC-BA3C-49441CE5B70E}.Release|Any CPU.ActiveCfg = Release|Any CPU
		{32DC73E2-0F91-48AC-BA3C-49441CE5B70E}.Release|Any CPU.Build.0 = Release|Any CPU
		{DF3ADAE2-6105-49EC-B84D-7CD5A78CCAFC}.Debug|Any CPU.ActiveCfg = Debug|Any CPU
		{DF3ADAE2-6105-49EC-B84D-7CD5A78CCAFC}.Debug|Any CPU.Build.0 = Debug|Any CPU
		{DF3ADAE2-6105-49EC-B84D-7CD5A78CCAFC}.Release|Any CPU.ActiveCfg = Release|Any CPU
		{DF3ADAE2-6105-49EC-B84D-7CD5A78CCAFC}.Release|Any CPU.Build.0 = Release|Any CPU
		{89C14EDE-92BC-4F3A-BC06-6D5E3E977557}.Debug|Any CPU.ActiveCfg = Debug|Any CPU
		{89C14EDE-92BC-4F3A-BC06-6D5E3E977557}.Debug|Any CPU.Build.0 = Debug|Any CPU
		{89C14EDE-92BC-4F3A-BC06-6D5E3E977557}.Release|Any CPU.ActiveCfg = Release|Any CPU
		{89C14EDE-92BC-4F3A-BC06-6D5E3E977557}.Release|Any CPU.Build.0 = Release|Any CPU
		{D77706CC-F833-4177-B1DE-96520D89EA9C}.Debug|Any CPU.ActiveCfg = Debug|Any CPU
		{D77706CC-F833-4177-B1DE-96520D89EA9C}.Debug|Any CPU.Build.0 = Debug|Any CPU
		{D77706CC-F833-4177-B1DE-96520D89EA9C}.Release|Any CPU.ActiveCfg = Release|Any CPU
		{D77706CC-F833-4177-B1DE-96520D89EA9C}.Release|Any CPU.Build.0 = Release|Any CPU
		{61F897CD-7555-4901-B399-7EB341D6C802}.Debug|Any CPU.ActiveCfg = Debug|Any CPU
		{61F897CD-7555-4901-B399-7EB341D6C802}.Debug|Any CPU.Build.0 = Debug|Any CPU
		{61F897CD-7555-4901-B399-7EB341D6C802}.Release|Any CPU.ActiveCfg = Release|Any CPU
		{61F897CD-7555-4901-B399-7EB341D6C802}.Release|Any CPU.Build.0 = Release|Any CPU
		{24219839-E0CB-4AA7-9CE6-FD4F8B639D39}.Debug|Any CPU.ActiveCfg = Debug|Any CPU
		{24219839-E0CB-4AA7-9CE6-FD4F8B639D39}.Debug|Any CPU.Build.0 = Debug|Any CPU
		{24219839-E0CB-4AA7-9CE6-FD4F8B639D39}.Release|Any CPU.ActiveCfg = Release|Any CPU
		{24219839-E0CB-4AA7-9CE6-FD4F8B639D39}.Release|Any CPU.Build.0 = Release|Any CPU
		{D65C0F37-5AA7-4257-A650-CF40C951C3E9}.Debug|Any CPU.ActiveCfg = Debug|Any CPU
		{D65C0F37-5AA7-4257-A650-CF40C951C3E9}.Debug|Any CPU.Build.0 = Debug|Any CPU
		{D65C0F37-5AA7-4257-A650-CF40C951C3E9}.Release|Any CPU.ActiveCfg = Release|Any CPU
		{D65C0F37-5AA7-4257-A650-CF40C951C3E9}.Release|Any CPU.Build.0 = Release|Any CPU
	EndGlobalSection
	GlobalSection(SolutionProperties) = preSolution
		HideSolutionNode = FALSE
	EndGlobalSection
	GlobalSection(NestedProjects) = preSolution
		{D80183DC-D488-4739-85EE-F03F41996FCF} = {7F7BAFE5-69F2-43D9-B012-DD1AF740DE20}
		{32DC73E2-0F91-48AC-BA3C-49441CE5B70E} = {7F7BAFE5-69F2-43D9-B012-DD1AF740DE20}
		{DF3ADAE2-6105-49EC-B84D-7CD5A78CCAFC} = {7F7BAFE5-69F2-43D9-B012-DD1AF740DE20}
		{89C14EDE-92BC-4F3A-BC06-6D5E3E977557} = {7F7BAFE5-69F2-43D9-B012-DD1AF740DE20}
		{D77706CC-F833-4177-B1DE-96520D89EA9C} = {7F7BAFE5-69F2-43D9-B012-DD1AF740DE20}
		{490B40CB-10F1-4802-8532-F2CDD6942E5D} = {00C10A80-1BE3-43A9-8755-E5B301FD806E}
		{353D1F5B-556A-4A48-966F-72F11D0DDB30} = {00C10A80-1BE3-43A9-8755-E5B301FD806E}
		{61F897CD-7555-4901-B399-7EB341D6C802} = {353D1F5B-556A-4A48-966F-72F11D0DDB30}
		{24219839-E0CB-4AA7-9CE6-FD4F8B639D39} = {490B40CB-10F1-4802-8532-F2CDD6942E5D}
		{D65C0F37-5AA7-4257-A650-CF40C951C3E9} = {7F7BAFE5-69F2-43D9-B012-DD1AF740DE20}
	EndGlobalSection
EndGlobal
